
Microsoft Visual Studio Solution File, Format Version 11.00
# Visual Studio 2010
Project("{FAE04EC0-301F-11D3-BF4B-00C04F79EFBC}") = "AssetBundle_test", "Assembly-CSharp.csproj", "{0834CC90-70EA-A360-5084-204289ECA2BD}"
EndProject
Project("{FAE04EC0-301F-11D3-BF4B-00C04F79EFBC}") = "AssetBundle_test", "Assembly-CSharp-Editor.csproj", "{CAFB8989-92E4-E079-8420-A011A2D44EBC}"
EndProject
Global
	GlobalSection(SolutionConfigurationPlatforms) = preSolution
		Debug|Any CPU = Debug|Any CPU
		Release|Any CPU = Release|Any CPU
	EndGlobalSection
	GlobalSection(ProjectConfigurationPlatforms) = postSolution
		{0834CC90-70EA-A360-5084-204289ECA2BD}.Debug|Any CPU.ActiveCfg = Debug|Any CPU
		{0834CC90-70EA-A360-5084-204289ECA2BD}.Debug|Any CPU.Build.0 = Debug|Any CPU
		{0834CC90-70EA-A360-5084-204289ECA2BD}.Release|Any CPU.ActiveCfg = Release|Any CPU
		{0834CC90-70EA-A360-5084-204289ECA2BD}.Release|Any CPU.Build.0 = Release|Any CPU
		{CAFB8989-92E4-E079-8420-A011A2D44EBC}.Debug|Any CPU.ActiveCfg = Debug|Any CPU
		{CAFB8989-92E4-E079-8420-A011A2D44EBC}.Debug|Any CPU.Build.0 = Debug|Any CPU
		{CAFB8989-92E4-E079-8420-A011A2D44EBC}.Release|Any CPU.ActiveCfg = Release|Any CPU
		{CAFB8989-92E4-E079-8420-A011A2D44EBC}.Release|Any CPU.Build.0 = Release|Any CPU
	EndGlobalSection
	GlobalSection(SolutionProperties) = preSolution
		HideSolutionNode = FALSE
	EndGlobalSection
	GlobalSection(MonoDevelopProperties) = preSolution
		StartupItem = Assembly-CSharp.csproj
	EndGlobalSection
EndGlobal
